# This file was autogenerated by Stack.
# You should not edit this file by hand.
# For more information, please see the documentation at:
#   https://docs.haskellstack.org/en/stable/lock_files

packages:
- completed:
    name: xlsx
    version: 0.8.4
    git: https://github.com/vst/xlsx.git
    pantry-tree:
      size: 4389
      sha256: 6b161a766356ac8e4a38e07865b1dcf1f3b89f09d572ebac56a8570082defdba
    commit: 2de1abd548e9773a1a6a937ebccf6fb261570685
  original:
    git: https://github.com/vst/xlsx.git
    commit: 2de1abd548e9773a1a6a937ebccf6fb261570685
snapshots:
- completed:
    size: 585393
    url: https://raw.githubusercontent.com/commercialhaskell/stackage-snapshots/master/lts/18/0.yaml
    sha256: c632012da648385b9fa3c29f4e0afd56ead299f1c5528ee789058be410e883c0
  original: lts-18.0
